{
  "name": "server",
  "lockfileVersion": 2,
  "requires": true,
  "packages": {
    "": {
      "dependencies": {
        "@vueuse/sound": "^1.1.7"
      }
    },
    "node_modules/@vue/composition-api": {
      "version": "1.7.1",
      "resolved": "https://registry.npmjs.org/@vue/composition-api/-/composition-api-1.7.1.tgz",
      "integrity": "sha512-xDWoEtxGXhH9Ku3ROYX/rzhcpt4v31hpPU5zF3UeVC/qxA3dChmqU8zvTUYoKh3j7rzpNsoFOwqsWG7XPMlaFA==",
      "optional": true,
      "peerDependencies": {
        "vue": ">= 2.5 < 2.7"
      }
    },
    "node_modules/@vueuse/sound": {
      "version": "1.1.7",
      "resolved": "https://registry.npmjs.org/@vueuse/sound/-/sound-1.1.7.tgz",
      "integrity": "sha512-rn4uIeEz9SqZ82KroFQ4OGXRIZ8cLlvfk/CxfZBBkjfRjE1VpanzKYCAoN3dD716dBfLPsAa6Aq7VV6TpZCpVw==",
      "dependencies": {
        "howler": "^2.2.1",
        "vue-demi": "latest"
      },
      "optionalDependencies": {
        "@vue/composition-api": ">=1.0.0-rc.1"
      }
    },
    "node_modules/howler": {
      "version": "2.2.3",
      "resolved": "https://registry.npmjs.org/howler/-/howler-2.2.3.tgz",
      "integrity": "sha512-QM0FFkw0LRX1PR8pNzJVAY25JhIWvbKMBFM4gqk+QdV+kPXOhleWGCB6AiAF/goGjIHK2e/nIElplvjQwhr0jg=="
    },
    "node_modules/vue": {
      "version": "2.6.14",
      "resolved": "https://registry.npmjs.org/vue/-/vue-2.6.14.tgz",
      "integrity": "sha512-x2284lgYvjOMj3Za7kqzRcUSxBboHqtgRE2zlos1qWaOye5yUmHn42LB1250NJBLRwEcdrB0JRwyPTEPhfQjiQ==",
      "peer": true
    },
    "node_modules/vue-demi": {
      "version": "0.13.11",
      "resolved": "https://registry.npmjs.org/vue-demi/-/vue-demi-0.13.11.tgz",
      "integrity": "sha512-IR8HoEEGM65YY3ZJYAjMlKygDQn25D5ajNFNoKh9RSDMQtlzCxtfQjdQgv9jjK+m3377SsJXY8ysq8kLCZL25A==",
      "hasInstallScript": true,
      "bin": {
        "vue-demi-fix": "bin/vue-demi-fix.js",
        "vue-demi-switch": "bin/vue-demi-switch.js"
      },
      "engines": {
        "node": ">=12"
      },
      "funding": {
        "url": "https://github.com/sponsors/antfu"
      },
      "peerDependencies": {
        "@vue/composition-api": "^1.0.0-rc.1",
        "vue": "^3.0.0-0 || ^2.6.0"
      },
      "peerDependenciesMeta": {
        "@vue/composition-api": {
          "optional": true
        }
      }
    }
  },
  "dependencies": {
    "@vue/composition-api": {
      "version": "1.7.1",
      "resolved": "https://registry.npmjs.org/@vue/composition-api/-/composition-api-1.7.1.tgz",
      "integrity": "sha512-xDWoEtxGXhH9Ku3ROYX/rzhcpt4v31hpPU5zF3UeVC/qxA3dChmqU8zvTUYoKh3j7rzpNsoFOwqsWG7XPMlaFA==",
      "optional": true,
      "requires": {}
    },
    "@vueuse/sound": {
      "version": "1.1.7",
      "resolved": "https://registry.npmjs.org/@vueuse/sound/-/sound-1.1.7.tgz",
      "integrity": "sha512-rn4uIeEz9SqZ82KroFQ4OGXRIZ8cLlvfk/CxfZBBkjfRjE1VpanzKYCAoN3dD716dBfLPsAa6Aq7VV6TpZCpVw==",
      "requires": {
        "@vue/composition-api": ">=1.0.0-rc.1",
        "howler": "^2.2.1",
        "vue-demi": "latest"
      }
    },
    "howler": {
      "version": "2.2.3",
      "resolved": "https://registry.npmjs.org/howler/-/howler-2.2.3.tgz",
      "integrity": "sha512-QM0FFkw0LRX1PR8pNzJVAY25JhIWvbKMBFM4gqk+QdV+kPXOhleWGCB6AiAF/goGjIHK2e/nIElplvjQwhr0jg=="
    },
    "vue": {
      "version": "2.6.14",
      "resolved": "https://registry.npmjs.org/vue/-/vue-2.6.14.tgz",
      "integrity": "sha512-x2284lgYvjOMj3Za7kqzRcUSxBboHqtgRE2zlos1qWaOye5yUmHn42LB1250NJBLRwEcdrB0JRwyPTEPhfQjiQ==",
      "peer": true
    },
    "vue-demi": {
      "version": "0.13.11",
      "resolved": "https://registry.npmjs.org/vue-demi/-/vue-demi-0.13.11.tgz",
      "integrity": "sha512-IR8HoEEGM65YY3ZJYAjMlKygDQn25D5ajNFNoKh9RSDMQtlzCxtfQjdQgv9jjK+m3377SsJXY8ysq8kLCZL25A==",
      "requires": {}
    }
  }
}
